// !$*UTF8*$!
{
	archiveVersion = 1;
	classes = {
	};
	objectVersion = 56;
	objects = {

/* Begin PBXBuildFile section */
		8D54C84F2B69855800286198 /* TelestrationsApp.swift in Sources */ = {isa = PBXBuildFile; fileRef = 8D54C84E2B69855800286198 /* TelestrationsApp.swift */; };
		8D54C8512B69855800286198 /* ContentView.swift in Sources */ = {isa = PBXBuildFile; fileRef = 8D54C8502B69855800286198 /* ContentView.swift */; };
		8D54C8532B69855900286198 /* Assets.xcassets in Resources */ = {isa = PBXBuildFile; fileRef = 8D54C8522B69855900286198 /* Assets.xcassets */; };
		8D54C8562B69855900286198 /* Preview Assets.xcassets in Resources */ = {isa = PBXBuildFile; fileRef = 8D54C8552B69855900286198 /* Preview Assets.xcassets */; };
		8D54C8602B69855900286198 /* TelestrationsTests.swift in Sources */ = {isa = PBXBuildFile; fileRef = 8D54C85F2B69855900286198 /* TelestrationsTests.swift */; };
		8D54C86A2B69855900286198 /* TelestrationsUITests.swift in Sources */ = {isa = PBXBuildFile; fileRef = 8D54C8692B69855900286198 /* TelestrationsUITests.swift */; };
		8D54C86C2B69855900286198 /* TelestrationsUITestsLaunchTests.swift in Sources */ = {isa = PBXBuildFile; fileRef = 8D54C86B2B69855900286198 /* TelestrationsUITestsLaunchTests.swift */; };
		8D54C8792B69860500286198 /* DrawingView.swift in Sources */ = {isa = PBXBuildFile; fileRef = 8D54C8782B69860500286198 /* DrawingView.swift */; };
		8D54C87B2B698C1B00286198 /* GoogleService-Info.plist in Resources */ = {isa = PBXBuildFile; fileRef = 8D54C87A2B698C1B00286198 /* GoogleService-Info.plist */; };
		8D54C87E2B698C5600286198 /* FirebaseDatabase in Frameworks */ = {isa = PBXBuildFile; productRef = 8D54C87D2B698C5600286198 /* FirebaseDatabase */; };
		8D54C8802B698C5600286198 /* FirebaseDatabaseSwift in Frameworks */ = {isa = PBXBuildFile; productRef = 8D54C87F2B698C5600286198 /* FirebaseDatabaseSwift */; };
		8D54C8822B69B02600286198 /* GameStore.swift in Sources */ = {isa = PBXBuildFile; fileRef = 8D54C8812B69B02600286198 /* GameStore.swift */; };
		8D54C8842B6AC08A00286198 /* WaitingRoomView.swift in Sources */ = {isa = PBXBuildFile; fileRef = 8D54C8832B6AC08A00286198 /* WaitingRoomView.swift */; };
/* End PBXBuildFile section */

/* Begin PBXContainerItemProxy section */
		8D54C85C2B69855900286198 /* PBXContainerItemProxy */ = {
			isa = PBXContainerItemProxy;
			containerPortal = 8D54C8432B69855800286198 /* Project object */;
			proxyType = 1;
			remoteGlobalIDString = 8D54C84A2B69855800286198;
			remoteInfo = Telestrations;
		};
		8D54C8662B69855900286198 /* PBXContainerItemProxy */ = {
			isa = PBXContainerItemProxy;
			containerPortal = 8D54C8432B69855800286198 /* Project object */;
			proxyType = 1;
			remoteGlobalIDString = 8D54C84A2B69855800286198;
			remoteInfo = Telestrations;
		};
/* End PBXContainerItemProxy section */

/* Begin PBXFileReference section */
		8D54C84B2B69855800286198 /* Telestrations.app */ = {isa = PBXFileReference; explicitFileType = wrapper.application; includeInIndex = 0; path = Telestrations.app; sourceTree = BUILT_PRODUCTS_DIR; };
		8D54C84E2B69855800286198 /* TelestrationsApp.swift */ = {isa = PBXFileReference; lastKnownFileType = sourcecode.swift; path = TelestrationsApp.swift; sourceTree = "<group>"; };
		8D54C8502B69855800286198 /* ContentView.swift */ = {isa = PBXFileReference; lastKnownFileType = sourcecode.swift; path = ContentView.swift; sourceTree = "<group>"; };
		8D54C8522B69855900286198 /* Assets.xcassets */ = {isa = PBXFileReference; lastKnownFileType = folder.assetcatalog; path = Assets.xcassets; sourceTree = "<group>"; };
		8D54C8552B69855900286198 /* Preview Assets.xcassets */ = {isa = PBXFileReference; lastKnownFileType = folder.assetcatalog; path = "Preview Assets.xcassets"; sourceTree = "<group>"; };
		8D54C85B2B69855900286198 /* TelestrationsTests.xctest */ = {isa = PBXFileReference; explicitFileType = wrapper.cfbundle; includeInIndex = 0; path = TelestrationsTests.xctest; sourceTree = BUILT_PRODUCTS_DIR; };
		8D54C85F2B69855900286198 /* TelestrationsTests.swift */ = {isa = PBXFileReference; lastKnownFileType = sourcecode.swift; path = TelestrationsTests.swift; sourceTree = "<group>"; };
		8D54C8652B69855900286198 /* TelestrationsUITests.xctest */ = {isa = PBXFileReference; explicitFileType = wrapper.cfbundle; includeInIndex = 0; path = TelestrationsUITests.xctest; sourceTree = BUILT_PRODUCTS_DIR; };
		8D54C8692B69855900286198 /* TelestrationsUITests.swift */ = {isa = PBXFileReference; lastKnownFileType = sourcecode.swift; path = TelestrationsUITests.swift; sourceTree = "<group>"; };
		8D54C86B2B69855900286198 /* TelestrationsUITestsLaunchTests.swift */ = {isa = PBXFileReference; lastKnownFileType = sourcecode.swift; path = TelestrationsUITestsLaunchTests.swift; sourceTree = "<group>"; };
		8D54C8782B69860500286198 /* DrawingView.swift */ = {isa = PBXFileReference; lastKnownFileType = sourcecode.swift; path = DrawingView.swift; sourceTree = "<group>"; };
		8D54C87A2B698C1B00286198 /* GoogleService-Info.plist */ = {isa = PBXFileReference; fileEncoding = 4; lastKnownFileType = text.plist.xml; path = "GoogleService-Info.plist"; sourceTree = "<group>"; };
		8D54C8812B69B02600286198 /* GameStore.swift */ = {isa = PBXFileReference; lastKnownFileType = sourcecode.swift; path = GameStore.swift; sourceTree = "<group>"; };
		8D54C8832B6AC08A00286198 /* WaitingRoomView.swift */ = {isa = PBXFileReference; lastKnownFileType = sourcecode.swift; path = WaitingRoomView.swift; sourceTree = "<group>"; };
/* End PBXFileReference section */

/* Begin PBXFrameworksBuildPhase section */
		8D54C8482B69855800286198 /* Frameworks */ = {
			isa = PBXFrameworksBuildPhase;
			buildActionMask = 2147483647;
			files = (
				8D54C8802B698C5600286198 /* FirebaseDatabaseSwift in Frameworks */,
				8D54C87E2B698C5600286198 /* FirebaseDatabase in Frameworks */,
			);
			runOnlyForDeploymentPostprocessing = 0;
		};
		8D54C8582B69855900286198 /* Frameworks */ = {
			isa = PBXFrameworksBuildPhase;
			buildActionMask = 2147483647;
			files = (
			);
			runOnlyForDeploymentPostprocessing = 0;
		};
		8D54C8622B69855900286198 /* Frameworks */ = {
			isa = PBXFrameworksBuildPhase;
			buildActionMask = 2147483647;
			files = (
			);
			runOnlyForDeploymentPostprocessing = 0;
		};
/* End PBXFrameworksBuildPhase section */

/* Begin PBXGroup section */
		8D54C8422B69855800286198 = {
			isa = PBXGroup;
			children = (
				8D54C84D2B69855800286198 /* Telestrations */,
				8D54C85E2B69855900286198 /* TelestrationsTests */,
				8D54C8682B69855900286198 /* TelestrationsUITests */,
				8D54C84C2B69855800286198 /* Products */,
			);
			sourceTree = "<group>";
		};
		8D54C84C2B69855800286198 /* Products */ = {
			isa = PBXGroup;
			children = (
				8D54C84B2B69855800286198 /* Telestrations.app */,
				8D54C85B2B69855900286198 /* TelestrationsTests.xctest */,
				8D54C8652B69855900286198 /* TelestrationsUITests.xctest */,
			);
			name = Products;
			sourceTree = "<group>";
		};
		8D54C84D2B69855800286198 /* Telestrations */ = {
			isa = PBXGroup;
			children = (
				8D54C8812B69B02600286198 /* GameStore.swift */,
				8D54C84E2B69855800286198 /* TelestrationsApp.swift */,
				8D54C8502B69855800286198 /* ContentView.swift */,
				8D54C8782B69860500286198 /* DrawingView.swift */,
				8D54C8832B6AC08A00286198 /* WaitingRoomView.swift */,
				8D54C8522B69855900286198 /* Assets.xcassets */,
				8D54C87A2B698C1B00286198 /* GoogleService-Info.plist */,
				8D54C8542B69855900286198 /* Preview Content */,
			);
			path = Telestrations;
			sourceTree = "<group>";
		};
		8D54C8542B69855900286198 /* Preview Content */ = {
			isa = PBXGroup;
			children = (
				8D54C8552B69855900286198 /* Preview Assets.xcassets */,
			);
			path = "Preview Content";
			sourceTree = "<group>";
		};
		8D54C85E2B69855900286198 /* TelestrationsTests */ = {
			isa = PBXGroup;
			children = (
				8D54C85F2B69855900286198 /* TelestrationsTests.swift */,
			);
			path = TelestrationsTests;
			sourceTree = "<group>";
		};
		8D54C8682B69855900286198 /* TelestrationsUITests */ = {
			isa = PBXGroup;
			children = (
				8D54C8692B69855900286198 /* TelestrationsUITests.swift */,
				8D54C86B2B69855900286198 /* TelestrationsUITestsLaunchTests.swift */,
			);
			path = TelestrationsUITests;
			sourceTree = "<group>";
		};
/* End PBXGroup section */

/* Begin PBXNativeTarget section */
		8D54C84A2B69855800286198 /* Telestrations */ = {
			isa = PBXNativeTarget;
			buildConfigurationList = 8D54C86F2B69855900286198 /* Build configuration list for PBXNativeTarget "Telestrations" */;
			buildPhases = (
				8D54C8472B69855800286198 /* Sources */,
				8D54C8482B69855800286198 /* Frameworks */,
				8D54C8492B69855800286198 /* Resources */,
			);
			buildRules = (
			);
			dependencies = (
			);
			name = Telestrations;
			packageProductDependencies = (
				8D54C87D2B698C5600286198 /* FirebaseDatabase */,
				8D54C87F2B698C5600286198 /* FirebaseDatabaseSwift */,
			);
			productName = Telestrations;
			productReference = 8D54C84B2B69855800286198 /* Telestrations.app */;
			productType = "com.apple.product-type.application";
		};
		8D54C85A2B69855900286198 /* TelestrationsTests */ = {
			isa = PBXNativeTarget;
			buildConfigurationList = 8D54C8722B69855900286198 /* Build configuration list for PBXNativeTarget "TelestrationsTests" */;
			buildPhases = (
				8D54C8572B69855900286198 /* Sources */,
				8D54C8582B69855900286198 /* Frameworks */,
				8D54C8592B69855900286198 /* Resources */,
			);
			buildRules = (
			);
			dependencies = (
				8D54C85D2B69855900286198 /* PBXTargetDependency */,
			);
			name = TelestrationsTests;
			productName = TelestrationsTests;
			productReference = 8D54C85B2B69855900286198 /* TelestrationsTests.xctest */;
			productType = "com.apple.product-type.bundle.unit-test";
		};
		8D54C8642B69855900286198 /* TelestrationsUITests */ = {
			isa = PBXNativeTarget;
			buildConfigurationList = 8D54C8752B69855900286198 /* Build configuration list for PBXNativeTarget "TelestrationsUITests" */;
			buildPhases = (
				8D54C8612B69855900286198 /* Sources */,
				8D54C8622B69855900286198 /* Frameworks */,
				8D54C8632B69855900286198 /* Resources */,
			);
			buildRules = (
			);
			dependencies = (
				8D54C8672B69855900286198 /* PBXTargetDependency */,
			);
			name = TelestrationsUITests;
			productName = TelestrationsUITests;
			productReference = 8D54C8652B69855900286198 /* TelestrationsUITests.xctest */;
			productType = "com.apple.product-type.bundle.ui-testing";
		};
/* End PBXNativeTarget section */

/* Begin PBXProject section */
		8D54C8432B69855800286198 /* Project object */ = {
			isa = PBXProject;
			attributes = {
				BuildIndependentTargetsInParallel = 1;
				LastSwiftUpdateCheck = 1520;
				LastUpgradeCheck = 1520;
				TargetAttributes = {
					8D54C84A2B69855800286198 = {
						CreatedOnToolsVersion = 15.2;
					};
					8D54C85A2B69855900286198 = {
						CreatedOnToolsVersion = 15.2;
						TestTargetID = 8D54C84A2B69855800286198;
					};
					8D54C8642B69855900286198 = {
						CreatedOnToolsVersion = 15.2;
						TestTargetID = 8D54C84A2B69855800286198;
					};
				};
			};
			buildConfigurationList = 8D54C8462B69855800286198 /* Build configuration list for PBXProject "Telestrations" */;
			compatibilityVersion = "Xcode 14.0";
			developmentRegion = en;
			hasScannedForEncodings = 0;
			knownRegions = (
				en,
				Base,
			);
			mainGroup = 8D54C8422B69855800286198;
			packageReferences = (
				8D54C87C2B698C5600286198 /* XCRemoteSwiftPackageReference "firebase-ios-sdk" */,
			);
			productRefGroup = 8D54C84C2B69855800286198 /* Products */;
			projectDirPath = "";
			projectRoot = "";
			targets = (
				8D54C84A2B69855800286198 /* Telestrations */,
				8D54C85A2B69855900286198 /* TelestrationsTests */,
				8D54C8642B69855900286198 /* TelestrationsUITests */,
			);
		};
/* End PBXProject section */

/* Begin PBXResourcesBuildPhase section */
		8D54C8492B69855800286198 /* Resources */ = {
			isa = PBXResourcesBuildPhase;
			buildActionMask = 2147483647;
			files = (
				8D54C8562B69855900286198 /* Preview Assets.xcassets in Resources */,
				8D54C8532B69855900286198 /* Assets.xcassets in Resources */,
				8D54C87B2B698C1B00286198 /* GoogleService-Info.plist in Resources */,
			);
			runOnlyForDeploymentPostprocessing = 0;
		};
		8D54C8592B69855900286198 /* Resources */ = {
			isa = PBXResourcesBuildPhase;
			buildActionMask = 2147483647;
			files = (
			);
			runOnlyForDeploymentPostprocessing = 0;
		};
		8D54C8632B69855900286198 /* Resources */ = {
			isa = PBXResourcesBuildPhase;
			buildActionMask = 2147483647;
			files = (
			);
			runOnlyForDeploymentPostprocessing = 0;
		};
/* End PBXResourcesBuildPhase section */

/* Begin PBXSourcesBuildPhase section */
		8D54C8472B69855800286198 /* Sources */ = {
			isa = PBXSourcesBuildPhase;
			buildActionMask = 2147483647;
			files = (
				8D54C8842B6AC08A00286198 /* WaitingRoomView.swift in Sources */,
				8D54C8792B69860500286198 /* DrawingView.swift in Sources */,
				8D54C8822B69B02600286198 /* GameStore.swift in Sources */,
				8D54C8512B69855800286198 /* ContentView.swift in Sources */,
				8D54C84F2B69855800286198 /* TelestrationsApp.swift in Sources */,
			);
			runOnlyForDeploymentPostprocessing = 0;
		};
		8D54C8572B69855900286198 /* Sources */ = {
			isa = PBXSourcesBuildPhase;
			buildActionMask = 2147483647;
			files = (
				8D54C8602B69855900286198 /* TelestrationsTests.swift in Sources */,
			);
			runOnlyForDeploymentPostprocessing = 0;
		};
		8D54C8612B69855900286198 /* Sources */ = {
			isa = PBXSourcesBuildPhase;
			buildActionMask = 2147483647;
			files = (
				8D54C86C2B69855900286198 /* TelestrationsUITestsLaunchTests.swift in Sources */,
				8D54C86A2B69855900286198 /* TelestrationsUITests.swift in Sources */,
			);
			runOnlyForDeploymentPostprocessing = 0;
		};
/* End PBXSourcesBuildPhase section */

/* Begin PBXTargetDependency section */
		8D54C85D2B69855900286198 /* PBXTargetDependency */ = {
			isa = PBXTargetDependency;
			target = 8D54C84A2B69855800286198 /* Telestrations */;
			targetProxy = 8D54C85C2B69855900286198 /* PBXContainerItemProxy */;
		};
		8D54C8672B69855900286198 /* PBXTargetDependency */ = {
			isa = PBXTargetDependency;
			target = 8D54C84A2B69855800286198 /* Telestrations */;
			targetProxy = 8D54C8662B69855900286198 /* PBXContainerItemProxy */;
		};
/* End PBXTargetDependency section */

/* Begin XCBuildConfiguration section */
		8D54C86D2B69855900286198 /* Debug */ = {
			isa = XCBuildConfiguration;
			buildSettings = {
				ALWAYS_SEARCH_USER_PATHS = NO;
				ASSETCATALOG_COMPILER_GENERATE_SWIFT_ASSET_SYMBOL_EXTENSIONS = YES;
				CLANG_ANALYZER_NONNULL = YES;
				CLANG_ANALYZER_NUMBER_OBJECT_CONVERSION = YES_AGGRESSIVE;
				CLANG_CXX_LANGUAGE_STANDARD = "gnu++20";
				CLANG_ENABLE_MODULES = YES;
				CLANG_ENABLE_OBJC_ARC = YES;
				CLANG_ENABLE_OBJC_WEAK = YES;
				CLANG_WARN_BLOCK_CAPTURE_AUTORELEASING = YES;
				CLANG_WARN_BOOL_CONVERSION = YES;
				CLANG_WARN_COMMA = YES;
				CLANG_WARN_CONSTANT_CONVERSION = YES;
				CLANG_WARN_DEPRECATED_OBJC_IMPLEMENTATIONS = YES;
				CLANG_WARN_DIRECT_OBJC_ISA_USAGE = YES_ERROR;
				CLANG_WARN_DOCUMENTATION_COMMENTS = YES;
				CLANG_WARN_EMPTY_BODY = YES;
				CLANG_WARN_ENUM_CONVERSION = YES;
				CLANG_WARN_INFINITE_RECURSION = YES;
				CLANG_WARN_INT_CONVERSION = YES;
				CLANG_WARN_NON_LITERAL_NULL_CONVERSION = YES;
				CLANG_WARN_OBJC_IMPLICIT_RETAIN_SELF = YES;
				CLANG_WARN_OBJC_LITERAL_CONVERSION = YES;
				CLANG_WARN_OBJC_ROOT_CLASS = YES_ERROR;
				CLANG_WARN_QUOTED_INCLUDE_IN_FRAMEWORK_HEADER = YES;
				CLANG_WARN_RANGE_LOOP_ANALYSIS = YES;
				CLANG_WARN_STRICT_PROTOTYPES = YES;
				CLANG_WARN_SUSPICIOUS_MOVE = YES;
				CLANG_WARN_UNGUARDED_AVAILABILITY = YES_AGGRESSIVE;
				CLANG_WARN_UNREACHABLE_CODE = YES;
				CLANG_WARN__DUPLICATE_METHOD_MATCH = YES;
				COPY_PHASE_STRIP = NO;
				DEBUG_INFORMATION_FORMAT = dwarf;
				ENABLE_STRICT_OBJC_MSGSEND = YES;
				ENABLE_TESTABILITY = YES;
				ENABLE_USER_SCRIPT_SANDBOXING = YES;
				GCC_C_LANGUAGE_STANDARD = gnu17;
				GCC_DYNAMIC_NO_PIC = NO;
				GCC_NO_COMMON_BLOCKS = YES;
				GCC_OPTIMIZATION_LEVEL = 0;
				GCC_PREPROCESSOR_DEFINITIONS = (
					"DEBUG=1",
					"$(inherited)",
				);
				GCC_WARN_64_TO_32_BIT_CONVERSION = YES;
				GCC_WARN_ABOUT_RETURN_TYPE = YES_ERROR;
				GCC_WARN_UNDECLARED_SELECTOR = YES;
				GCC_WARN_UNINITIALIZED_AUTOS = YES_AGGRESSIVE;
				GCC_WARN_UNUSED_FUNCTION = YES;
				GCC_WARN_UNUSED_VARIABLE = YES;
				IPHONEOS_DEPLOYMENT_TARGET = 17.2;
				LOCALIZATION_PREFERS_STRING_CATALOGS = YES;
				MTL_ENABLE_DEBUG_INFO = INCLUDE_SOURCE;
				MTL_FAST_MATH = YES;
				ONLY_ACTIVE_ARCH = YES;
				SDKROOT = iphoneos;
				SWIFT_ACTIVE_COMPILATION_CONDITIONS = "DEBUG $(inherited)";
				SWIFT_OPTIMIZATION_LEVEL = "-Onone";
			};
			name = Debug;
		};
		8D54C86E2B69855900286198 /* Release */ = {
			isa = XCBuildConfiguration;
			buildSettings = {
				ALWAYS_SEARCH_USER_PATHS = NO;
				ASSETCATALOG_COMPILER_GENERATE_SWIFT_ASSET_SYMBOL_EXTENSIONS = YES;
				CLANG_ANALYZER_NONNULL = YES;
				CLANG_ANALYZER_NUMBER_OBJECT_CONVERSION = YES_AGGRESSIVE;
				CLANG_CXX_LANGUAGE_STANDARD = "gnu++20";
				CLANG_ENABLE_MODULES = YES;
				CLANG_ENABLE_OBJC_ARC = YES;
				CLANG_ENABLE_OBJC_WEAK = YES;
				CLANG_WARN_BLOCK_CAPTURE_AUTORELEASING = YES;
				CLANG_WARN_BOOL_CONVERSION = YES;
				CLANG_WARN_COMMA = YES;
				CLANG_WARN_CONSTANT_CONVERSION = YES;
				CLANG_WARN_DEPRECATED_OBJC_IMPLEMENTATIONS = YES;
				CLANG_WARN_DIRECT_OBJC_ISA_USAGE = YES_ERROR;
				CLANG_WARN_DOCUMENTATION_COMMENTS = YES;
				CLANG_WARN_EMPTY_BODY = YES;
				CLANG_WARN_ENUM_CONVERSION = YES;
				CLANG_WARN_INFINITE_RECURSION = YES;
				CLANG_WARN_INT_CONVERSION = YES;
				CLANG_WARN_NON_LITERAL_NULL_CONVERSION = YES;
				CLANG_WARN_OBJC_IMPLICIT_RETAIN_SELF = YES;
				CLANG_WARN_OBJC_LITERAL_CONVERSION = YES;
				CLANG_WARN_OBJC_ROOT_CLASS = YES_ERROR;
				CLANG_WARN_QUOTED_INCLUDE_IN_FRAMEWORK_HEADER = YES;
				CLANG_WARN_RANGE_LOOP_ANALYSIS = YES;
				CLANG_WARN_STRICT_PROTOTYPES = YES;
				CLANG_WARN_SUSPICIOUS_MOVE = YES;
				CLANG_WARN_UNGUARDED_AVAILABILITY = YES_AGGRESSIVE;
				CLANG_WARN_UNREACHABLE_CODE = YES;
				CLANG_WARN__DUPLICATE_METHOD_MATCH = YES;
				COPY_PHASE_STRIP = NO;
				DEBUG_INFORMATION_FORMAT = "dwarf-with-dsym";
				ENABLE_NS_ASSERTIONS = NO;
				ENABLE_STRICT_OBJC_MSGSEND = YES;
				ENABLE_USER_SCRIPT_SANDBOXING = YES;
				GCC_C_LANGUAGE_STANDARD = gnu17;
				GCC_NO_COMMON_BLOCKS = YES;
				GCC_WARN_64_TO_32_BIT_CONVERSION = YES;
				GCC_WARN_ABOUT_RETURN_TYPE = YES_ERROR;
				GCC_WARN_UNDECLARED_SELECTOR = YES;
				GCC_WARN_UNINITIALIZED_AUTOS = YES_AGGRESSIVE;
				GCC_WARN_UNUSED_FUNCTION = YES;
				GCC_WARN_UNUSED_VARIABLE = YES;
				IPHONEOS_DEPLOYMENT_TARGET = 17.2;
				LOCALIZATION_PREFERS_STRING_CATALOGS = YES;
				MTL_ENABLE_DEBUG_INFO = NO;
				MTL_FAST_MATH = YES;
				SDKROOT = iphoneos;
				SWIFT_COMPILATION_MODE = wholemodule;
				VALIDATE_PRODUCT = YES;
			};
			name = Release;
		};
		8D54C8702B69855900286198 /* Debug */ = {
			isa = XCBuildConfiguration;
			buildSettings = {
				ASSETCATALOG_COMPILER_APPICON_NAME = AppIcon;
				ASSETCATALOG_COMPILER_GLOBAL_ACCENT_COLOR_NAME = AccentColor;
				CODE_SIGN_STYLE = Automatic;
				CURRENT_PROJECT_VERSION = 1;
				DEVELOPMENT_ASSET_PATHS = "\"Telestrations/Preview Content\"";
				DEVELOPMENT_TEAM = AE85MB635Y;
				ENABLE_PREVIEWS = YES;
				GENERATE_INFOPLIST_FILE = YES;
				INFOPLIST_KEY_UIApplicationSceneManifest_Generation = YES;
				INFOPLIST_KEY_UIApplicationSupportsIndirectInputEvents = YES;
				INFOPLIST_KEY_UILaunchScreen_Generation = YES;
				INFOPLIST_KEY_UISupportedInterfaceOrientations = UIInterfaceOrientationPortrait;
				LD_RUNPATH_SEARCH_PATHS = (
					"$(inherited)",
					"@executable_path/Frameworks",
				);
				MARKETING_VERSION = 1.0;
				PRODUCT_BUNDLE_IDENTIFIER = com.Telestrations.Telestrations;
				PRODUCT_NAME = "$(TARGET_NAME)";
				SWIFT_EMIT_LOC_STRINGS = YES;
				SWIFT_VERSION = 5.0;
				TARGETED_DEVICE_FAMILY = "1,2";
			};
			name = Debug;
		};
		8D54C8712B69855900286198 /* Release */ = {
			isa = XCBuildConfiguration;
			buildSettings = {
				ASSETCATALOG_COMPILER_APPICON_NAME = AppIcon;
				ASSETCATALOG_COMPILER_GLOBAL_ACCENT_COLOR_NAME = AccentColor;
				CODE_SIGN_STYLE = Automatic;
				CURRENT_PROJECT_VERSION = 1;
				DEVELOPMENT_ASSET_PATHS = "\"Telestrations/Preview Content\"";
				DEVELOPMENT_TEAM = AE85MB635Y;
				ENABLE_PREVIEWS = YES;
				GENERATE_INFOPLIST_FILE = YES;
				INFOPLIST_KEY_UIApplicationSceneManifest_Generation = YES;
				INFOPLIST_KEY_UIApplicationSupportsIndirectInputEvents = YES;
				INFOPLIST_KEY_UILaunchScreen_Generation = YES;
				INFOPLIST_KEY_UISupportedInterfaceOrientations = UIInterfaceOrientationPortrait;
				LD_RUNPATH_SEARCH_PATHS = (
					"$(inherited)",
					"@executable_path/Frameworks",
				);
				MARKETING_VERSION = 1.0;
				PRODUCT_BUNDLE_IDENTIFIER = com.Telestrations.Telestrations;
				PRODUCT_NAME = "$(TARGET_NAME)";
				SWIFT_EMIT_LOC_STRINGS = YES;
				SWIFT_VERSION = 5.0;
				TARGETED_DEVICE_FAMILY = "1,2";
			};
			name = Release;
		};
		8D54C8732B69855900286198 /* Debug */ = {
			isa = XCBuildConfiguration;
			buildSettings = {
				ALWAYS_EMBED_SWIFT_STANDARD_LIBRARIES = YES;
				BUNDLE_LOADER = "$(TEST_HOST)";
				CODE_SIGN_STYLE = Automatic;
				CURRENT_PROJECT_VERSION = 1;
				DEVELOPMENT_TEAM = AE85MB635Y;
				GENERATE_INFOPLIST_FILE = YES;
				IPHONEOS_DEPLOYMENT_TARGET = 17.2;
				MARKETING_VERSION = 1.0;
				PRODUCT_BUNDLE_IDENTIFIER = com.Telestrations.TelestrationsTests;
				PRODUCT_NAME = "$(TARGET_NAME)";
				SWIFT_EMIT_LOC_STRINGS = NO;
				SWIFT_VERSION = 5.0;
				TARGETED_DEVICE_FAMILY = "1,2";
				TEST_HOST = "$(BUILT_PRODUCTS_DIR)/Telestrations.app/$(BUNDLE_EXECUTABLE_FOLDER_PATH)/Telestrations";
			};
			name = Debug;
		};
		8D54C8742B69855900286198 /* Release */ = {
			isa = XCBuildConfiguration;
			buildSettings = {
				ALWAYS_EMBED_SWIFT_STANDARD_LIBRARIES = YES;
				BUNDLE_LOADER = "$(TEST_HOST)";
				CODE_SIGN_STYLE = Automatic;
				CURRENT_PROJECT_VERSION = 1;
				DEVELOPMENT_TEAM = AE85MB635Y;
				GENERATE_INFOPLIST_FILE = YES;
				IPHONEOS_DEPLOYMENT_TARGET = 17.2;
				MARKETING_VERSION = 1.0;
				PRODUCT_BUNDLE_IDENTIFIER = com.Telestrations.TelestrationsTests;
				PRODUCT_NAME = "$(TARGET_NAME)";
				SWIFT_EMIT_LOC_STRINGS = NO;
				SWIFT_VERSION = 5.0;
				TARGETED_DEVICE_FAMILY = "1,2";
				TEST_HOST = "$(BUILT_PRODUCTS_DIR)/Telestrations.app/$(BUNDLE_EXECUTABLE_FOLDER_PATH)/Telestrations";
			};
			name = Release;
		};
		8D54C8762B69855900286198 /* Debug */ = {
			isa = XCBuildConfiguration;
			buildSettings = {
				ALWAYS_EMBED_SWIFT_STANDARD_LIBRARIES = YES;
				CODE_SIGN_STYLE = Automatic;
				CURRENT_PROJECT_VERSION = 1;
				DEVELOPMENT_TEAM = AE85MB635Y;
				GENERATE_INFOPLIST_FILE = YES;
				MARKETING_VERSION = 1.0;
				PRODUCT_BUNDLE_IDENTIFIER = com.Telestrations.TelestrationsUITests;
				PRODUCT_NAME = "$(TARGET_NAME)";
				SWIFT_EMIT_LOC_STRINGS = NO;
				SWIFT_VERSION = 5.0;
				TARGETED_DEVICE_FAMILY = "1,2";
				TEST_TARGET_NAME = Telestrations;
			};
			name = Debug;
		};
		8D54C8772B69855900286198 /* Release */ = {
			isa = XCBuildConfiguration;
			buildSettings = {
				ALWAYS_EMBED_SWIFT_STANDARD_LIBRARIES = YES;
				CODE_SIGN_STYLE = Automatic;
				CURRENT_PROJECT_VERSION = 1;
				DEVELOPMENT_TEAM = AE85MB635Y;
				GENERATE_INFOPLIST_FILE = YES;
				MARKETING_VERSION = 1.0;
				PRODUCT_BUNDLE_IDENTIFIER = com.Telestrations.TelestrationsUITests;
				PRODUCT_NAME = "$(TARGET_NAME)";
				SWIFT_EMIT_LOC_STRINGS = NO;
				SWIFT_VERSION = 5.0;
				TARGETED_DEVICE_FAMILY = "1,2";
				TEST_TARGET_NAME = Telestrations;
			};
			name = Release;
		};
/* End XCBuildConfiguration section */

/* Begin XCConfigurationList section */
		8D54C8462B69855800286198 /* Build configuration list for PBXProject "Telestrations" */ = {
			isa = XCConfigurationList;
			buildConfigurations = (
				8D54C86D2B69855900286198 /* Debug */,
				8D54C86E2B69855900286198 /* Release */,
			);
			defaultConfigurationIsVisible = 0;
			defaultConfigurationName = Release;
		};
		8D54C86F2B69855900286198 /* Build configuration list for PBXNativeTarget "Telestrations" */ = {
			isa = XCConfigurationList;
			buildConfigurations = (
				8D54C8702B69855900286198 /* Debug */,
				8D54C8712B69855900286198 /* Release */,
			);
			defaultConfigurationIsVisible = 0;
			defaultConfigurationName = Release;
		};
		8D54C8722B69855900286198 /* Build configuration list for PBXNativeTarget "TelestrationsTests" */ = {
			isa = XCConfigurationList;
			buildConfigurations = (
				8D54C8732B69855900286198 /* Debug */,
				8D54C8742B69855900286198 /* Release */,
			);
			defaultConfigurationIsVisible = 0;
			defaultConfigurationName = Release;
		};
		8D54C8752B69855900286198 /* Build configuration list for PBXNativeTarget "TelestrationsUITests" */ = {
			isa = XCConfigurationList;
			buildConfigurations = (
				8D54C8762B69855900286198 /* Debug */,
				8D54C8772B69855900286198 /* Release */,
			);
			defaultConfigurationIsVisible = 0;
			defaultConfigurationName = Release;
		};
/* End XCConfigurationList section */

/* Begin XCRemoteSwiftPackageReference section */
		8D54C87C2B698C5600286198 /* XCRemoteSwiftPackageReference "firebase-ios-sdk" */ = {
			isa = XCRemoteSwiftPackageReference;
			repositoryURL = "https://github.com/firebase/firebase-ios-sdk";
			requirement = {
				kind = upToNextMajorVersion;
				minimumVersion = 10.20.0;
			};
		};
/* End XCRemoteSwiftPackageReference section */

/* Begin XCSwiftPackageProductDependency section */
		8D54C87D2B698C5600286198 /* FirebaseDatabase */ = {
			isa = XCSwiftPackageProductDependency;
			package = 8D54C87C2B698C5600286198 /* XCRemoteSwiftPackageReference "firebase-ios-sdk" */;
			productName = FirebaseDatabase;
		};
		8D54C87F2B698C5600286198 /* FirebaseDatabaseSwift */ = {
			isa = XCSwiftPackageProductDependency;
			package = 8D54C87C2B698C5600286198 /* XCRemoteSwiftPackageReference "firebase-ios-sdk" */;
			productName = FirebaseDatabaseSwift;
		};
/* End XCSwiftPackageProductDependency section */
	};
	rootObject = 8D54C8432B69855800286198 /* Project object */;
}
